
Microsoft Visual Studio Solution File, Format Version 12.00
# Visual Studio Version 17
VisualStudioVersion = 17.5.33414.496
MinimumVisualStudioVersion = 10.0.40219.1
Project("{FAE04EC0-301F-11D3-BF4B-00C04F79EFBC}") = "TicTacToe", "TicTacToe\TicTacToe.csproj", "{6CE42523-02B4-4D1D-9A04-A13B6C5EAB95}"
EndProject
Global
	GlobalSection(SolutionConfigurationPlatforms) = preSolution
		Debug|Any CPU = Debug|Any CPU
		Release|Any CPU = Release|Any CPU
	EndGlobalSection
	GlobalSection(ProjectConfigurationPlatforms) = postSolution
		{6CE42523-02B4-4D1D-9A04-A13B6C5EAB95}.Debug|Any CPU.ActiveCfg = Debug|Any CPU
		{6CE42523-02B4-4D1D-9A04-A13B6C5EAB95}.Debug|Any CPU.Build.0 = Debug|Any CPU
		{6CE42523-02B4-4D1D-9A04-A13B6C5EAB95}.Release|Any CPU.ActiveCfg = Release|Any CPU
		{6CE42523-02B4-4D1D-9A04-A13B6C5EAB95}.Release|Any CPU.Build.0 = Release|Any CPU
	EndGlobalSection
	GlobalSection(SolutionProperties) = preSolution
		HideSolutionNode = FALSE
	EndGlobalSection
	GlobalSection(ExtensibilityGlobals) = postSolution
		SolutionGuid = {56AB6F43-EEB0-4857-B612-7235C3AEDA0D}
	EndGlobalSection
EndGlobal
